
Microsoft Visual Studio Solution File, Format Version 11.00
# Visual Studio 2010
Project("{FAE04EC0-301F-11D3-BF4B-00C04F79EFBC}") = "CBHelper.NET", "CBHelper.NET\CBHelper.NET.csproj", "{6F45CCF8-85EF-451C-94D7-58B19A952BF8}"
EndProject
Global
	GlobalSection(SolutionConfigurationPlatforms) = preSolution
		Debug|Any CPU = Debug|Any CPU
		Release|Any CPU = Release|Any CPU
	EndGlobalSection
	GlobalSection(ProjectConfigurationPlatforms) = postSolution
		{6F45CCF8-85EF-451C-94D7-58B19A952BF8}.Debug|Any CPU.ActiveCfg = Debug|Any CPU
		{6F45CCF8-85EF-451C-94D7-58B19A952BF8}.Debug|Any CPU.Build.0 = Debug|Any CPU
		{6F45CCF8-85EF-451C-94D7-58B19A952BF8}.Release|Any CPU.ActiveCfg = Release|Any CPU
		{6F45CCF8-85EF-451C-94D7-58B19A952BF8}.Release|Any CPU.Build.0 = Release|Any CPU
	EndGlobalSection
	GlobalSection(SolutionProperties) = preSolution
		HideSolutionNode = FALSE
	EndGlobalSection
EndGlobal
